
Microsoft Visual Studio Solution File, Format Version 12.00
# Visual Studio Version 16
VisualStudioVersion = 16.0.31205.134
MinimumVisualStudioVersion = 10.0.40219.1
Project("{FAE04EC0-301F-11D3-BF4B-00C04F79EFBC}") = "EXERCISE 01 - DIRECTORY, DIRECTORYINFO", "EXERCISE 01 - DIRECTORY, DIRECTORYINFO\EXERCISE 01 - DIRECTORY, DIRECTORYINFO.csproj", "{95B3431F-577D-43AA-B39A-1D99391BFBEF}"
EndProject
Global
	GlobalSection(SolutionConfigurationPlatforms) = preSolution
		Debug|Any CPU = Debug|Any CPU
		Release|Any CPU = Release|Any CPU
	EndGlobalSection
	GlobalSection(ProjectConfigurationPlatforms) = postSolution
		{95B3431F-577D-43AA-B39A-1D99391BFBEF}.Debug|Any CPU.ActiveCfg = Debug|Any CPU
		{95B3431F-577D-43AA-B39A-1D99391BFBEF}.Debug|Any CPU.Build.0 = Debug|Any CPU
		{95B3431F-577D-43AA-B39A-1D99391BFBEF}.Release|Any CPU.ActiveCfg = Release|Any CPU
		{95B3431F-577D-43AA-B39A-1D99391BFBEF}.Release|Any CPU.Build.0 = Release|Any CPU
	EndGlobalSection
	GlobalSection(SolutionProperties) = preSolution
		HideSolutionNode = FALSE
	EndGlobalSection
	GlobalSection(ExtensibilityGlobals) = postSolution
		SolutionGuid = {1A66554A-707E-49CB-A8D9-3D4EECBD96E9}
	EndGlobalSection
EndGlobal
